
Microsoft Visual Studio Solution File, Format Version 12.00
# Visual Studio 15
Project("{FAE04EC0-301F-11D3-BF4B-00C04F79EFBC}") = "Oculus.Platform", "Oculus.Platform.csproj", "{A9CDDA1D-9673-C1B8-078F-E732DF575AAA}"
EndProject
Project("{FAE04EC0-301F-11D3-BF4B-00C04F79EFBC}") = "Assembly-CSharp", "Assembly-CSharp.csproj", "{E7707FF5-9832-9E29-8FC9-A8AB2E9610D5}"
EndProject
Project("{FAE04EC0-301F-11D3-BF4B-00C04F79EFBC}") = "Oculus.VR", "Oculus.VR.csproj", "{43792B85-63AF-4E23-7B6C-124A77BBA836}"
EndProject
Project("{FAE04EC0-301F-11D3-BF4B-00C04F79EFBC}") = "Facebook.WitAI", "Facebook.WitAI.csproj", "{ECFD9609-3874-747A-8EF1-4A78CEF456E6}"
EndProject
Project("{FAE04EC0-301F-11D3-BF4B-00C04F79EFBC}") = "Oculus.AudioManager", "Oculus.AudioManager.csproj", "{0A258B3C-DF7F-537F-7F2A-4D799FF102D4}"
EndProject
Project("{FAE04EC0-301F-11D3-BF4B-00C04F79EFBC}") = "VoiceSDK.Runtime", "VoiceSDK.Runtime.csproj", "{43E88FCE-4B70-CEC3-2D40-EB8A69373758}"
EndProject
Project("{FAE04EC0-301F-11D3-BF4B-00C04F79EFBC}") = "AssistantCoreSDKRuntime", "AssistantCoreSDKRuntime.csproj", "{6D055248-9E86-13CA-1486-A4BF07E21778}"
EndProject
Project("{FAE04EC0-301F-11D3-BF4B-00C04F79EFBC}") = "Oculus.LipSync", "Oculus.LipSync.csproj", "{61E9ADAA-5426-54A5-1FAE-6AB1AB8CA4E9}"
EndProject
Project("{FAE04EC0-301F-11D3-BF4B-00C04F79EFBC}") = "Oculus.Spatializer", "Oculus.Spatializer.csproj", "{18056F18-A9FA-4EA4-45E2-2A410A05D065}"
EndProject
Project("{FAE04EC0-301F-11D3-BF4B-00C04F79EFBC}") = "Facebook.Wit.Editor", "Facebook.Wit.Editor.csproj", "{D9CC6FC3-7E2B-BD15-446E-5401BA9EB0DF}"
EndProject
Project("{FAE04EC0-301F-11D3-BF4B-00C04F79EFBC}") = "Oculus.Spatializer.Editor", "Oculus.Spatializer.Editor.csproj", "{4BEAF1DE-27B1-9019-2D4A-A25B24A01689}"
EndProject
Project("{FAE04EC0-301F-11D3-BF4B-00C04F79EFBC}") = "Assembly-CSharp-Editor", "Assembly-CSharp-Editor.csproj", "{714C4F66-6574-BD70-AE43-2606BA6A55CE}"
EndProject
Project("{FAE04EC0-301F-11D3-BF4B-00C04F79EFBC}") = "Oculus.VR.Editor", "Oculus.VR.Editor.csproj", "{9606B395-E630-8D03-7C9B-316CC2810EF3}"
EndProject
Project("{FAE04EC0-301F-11D3-BF4B-00C04F79EFBC}") = "VoiceSDK.Editor", "VoiceSDK.Editor.csproj", "{2BBB048F-3E24-6B17-E58B-C419D75E4711}"
EndProject
Project("{FAE04EC0-301F-11D3-BF4B-00C04F79EFBC}") = "Oculus.Platform.Editor", "Oculus.Platform.Editor.csproj", "{B12FBABB-A388-56A4-5280-5DB435D6F5FD}"
EndProject
Project("{FAE04EC0-301F-11D3-BF4B-00C04F79EFBC}") = "Oculus.AudioManager.Audio.Editor", "Oculus.AudioManager.Audio.Editor.csproj", "{A2861028-278F-56BA-71B8-2C5558EE00F1}"
EndProject
Project("{FAE04EC0-301F-11D3-BF4B-00C04F79EFBC}") = "Oculus.VR.Scripts.Editor", "Oculus.VR.Scripts.Editor.csproj", "{943FC308-4A74-A2E7-4217-2BDFC20E2983}"
EndProject
Project("{FAE04EC0-301F-11D3-BF4B-00C04F79EFBC}") = "Oculus.LipSync.Editor", "Oculus.LipSync.Editor.csproj", "{BC4BE3EB-1810-E1F7-F111-E77D4CF26DD4}"
EndProject
Project("{FAE04EC0-301F-11D3-BF4B-00C04F79EFBC}") = "AssistantCoreSDKEditor", "AssistantCoreSDKEditor.csproj", "{C253674B-8038-9356-791B-FC53D2E4BAC5}"
EndProject
Project("{FAE04EC0-301F-11D3-BF4B-00C04F79EFBC}") = "Oculus.AudioManager.Utils.Editor", "Oculus.AudioManager.Utils.Editor.csproj", "{66CB9C0C-E433-D39F-149B-447B991E3199}"
EndProject
Global
	GlobalSection(SolutionConfigurationPlatforms) = preSolution
		Debug|Any CPU = Debug|Any CPU
		Release|Any CPU = Release|Any CPU
	EndGlobalSection
	GlobalSection(ProjectConfigurationPlatforms) = postSolution
		{A9CDDA1D-9673-C1B8-078F-E732DF575AAA}.Debug|Any CPU.ActiveCfg = Debug|Any CPU
		{A9CDDA1D-9673-C1B8-078F-E732DF575AAA}.Debug|Any CPU.Build.0 = Debug|Any CPU
		{A9CDDA1D-9673-C1B8-078F-E732DF575AAA}.Release|Any CPU.ActiveCfg = Release|Any CPU
		{A9CDDA1D-9673-C1B8-078F-E732DF575AAA}.Release|Any CPU.Build.0 = Release|Any CPU
		{E7707FF5-9832-9E29-8FC9-A8AB2E9610D5}.Debug|Any CPU.ActiveCfg = Debug|Any CPU
		{E7707FF5-9832-9E29-8FC9-A8AB2E9610D5}.Debug|Any CPU.Build.0 = Debug|Any CPU
		{E7707FF5-9832-9E29-8FC9-A8AB2E9610D5}.Release|Any CPU.ActiveCfg = Release|Any CPU
		{E7707FF5-9832-9E29-8FC9-A8AB2E9610D5}.Release|Any CPU.Build.0 = Release|Any CPU
		{43792B85-63AF-4E23-7B6C-124A77BBA836}.Debug|Any CPU.ActiveCfg = Debug|Any CPU
		{43792B85-63AF-4E23-7B6C-124A77BBA836}.Debug|Any CPU.Build.0 = Debug|Any CPU
		{43792B85-63AF-4E23-7B6C-124A77BBA836}.Release|Any CPU.ActiveCfg = Release|Any CPU
		{43792B85-63AF-4E23-7B6C-124A77BBA836}.Release|Any CPU.Build.0 = Release|Any CPU
		{ECFD9609-3874-747A-8EF1-4A78CEF456E6}.Debug|Any CPU.ActiveCfg = Debug|Any CPU
		{ECFD9609-3874-747A-8EF1-4A78CEF456E6}.Debug|Any CPU.Build.0 = Debug|Any CPU
		{ECFD9609-3874-747A-8EF1-4A78CEF456E6}.Release|Any CPU.ActiveCfg = Release|Any CPU
		{ECFD9609-3874-747A-8EF1-4A78CEF456E6}.Release|Any CPU.Build.0 = Release|Any CPU
		{0A258B3C-DF7F-537F-7F2A-4D799FF102D4}.Debug|Any CPU.ActiveCfg = Debug|Any CPU
		{0A258B3C-DF7F-537F-7F2A-4D799FF102D4}.Debug|Any CPU.Build.0 = Debug|Any CPU
		{0A258B3C-DF7F-537F-7F2A-4D799FF102D4}.Release|Any CPU.ActiveCfg = Release|Any CPU
		{0A258B3C-DF7F-537F-7F2A-4D799FF102D4}.Release|Any CPU.Build.0 = Release|Any CPU
		{43E88FCE-4B70-CEC3-2D40-EB8A69373758}.Debug|Any CPU.ActiveCfg = Debug|Any CPU
		{43E88FCE-4B70-CEC3-2D40-EB8A69373758}.Debug|Any CPU.Build.0 = Debug|Any CPU
		{43E88FCE-4B70-CEC3-2D40-EB8A69373758}.Release|Any CPU.ActiveCfg = Release|Any CPU
		{43E88FCE-4B70-CEC3-2D40-EB8A69373758}.Release|Any CPU.Build.0 = Release|Any CPU
		{6D055248-9E86-13CA-1486-A4BF07E21778}.Debug|Any CPU.ActiveCfg = Debug|Any CPU
		{6D055248-9E86-13CA-1486-A4BF07E21778}.Debug|Any CPU.Build.0 = Debug|Any CPU
		{6D055248-9E86-13CA-1486-A4BF07E21778}.Release|Any CPU.ActiveCfg = Release|Any CPU
		{6D055248-9E86-13CA-1486-A4BF07E21778}.Release|Any CPU.Build.0 = Release|Any CPU
		{61E9ADAA-5426-54A5-1FAE-6AB1AB8CA4E9}.Debug|Any CPU.ActiveCfg = Debug|Any CPU
		{61E9ADAA-5426-54A5-1FAE-6AB1AB8CA4E9}.Debug|Any CPU.Build.0 = Debug|Any CPU
		{61E9ADAA-5426-54A5-1FAE-6AB1AB8CA4E9}.Release|Any CPU.ActiveCfg = Release|Any CPU
		{61E9ADAA-5426-54A5-1FAE-6AB1AB8CA4E9}.Release|Any CPU.Build.0 = Release|Any CPU
		{18056F18-A9FA-4EA4-45E2-2A410A05D065}.Debug|Any CPU.ActiveCfg = Debug|Any CPU
		{18056F18-A9FA-4EA4-45E2-2A410A05D065}.Debug|Any CPU.Build.0 = Debug|Any CPU
		{18056F18-A9FA-4EA4-45E2-2A410A05D065}.Release|Any CPU.ActiveCfg = Release|Any CPU
		{18056F18-A9FA-4EA4-45E2-2A410A05D065}.Release|Any CPU.Build.0 = Release|Any CPU
		{D9CC6FC3-7E2B-BD15-446E-5401BA9EB0DF}.Debug|Any CPU.ActiveCfg = Debug|Any CPU
		{D9CC6FC3-7E2B-BD15-446E-5401BA9EB0DF}.Debug|Any CPU.Build.0 = Debug|Any CPU
		{D9CC6FC3-7E2B-BD15-446E-5401BA9EB0DF}.Release|Any CPU.ActiveCfg = Release|Any CPU
		{D9CC6FC3-7E2B-BD15-446E-5401BA9EB0DF}.Release|Any CPU.Build.0 = Release|Any CPU
		{4BEAF1DE-27B1-9019-2D4A-A25B24A01689}.Debug|Any CPU.ActiveCfg = Debug|Any CPU
		{4BEAF1DE-27B1-9019-2D4A-A25B24A01689}.Debug|Any CPU.Build.0 = Debug|Any CPU
		{4BEAF1DE-27B1-9019-2D4A-A25B24A01689}.Release|Any CPU.ActiveCfg = Release|Any CPU
		{4BEAF1DE-27B1-9019-2D4A-A25B24A01689}.Release|Any CPU.Build.0 = Release|Any CPU
		{714C4F66-6574-BD70-AE43-2606BA6A55CE}.Debug|Any CPU.ActiveCfg = Debug|Any CPU
		{714C4F66-6574-BD70-AE43-2606BA6A55CE}.Debug|Any CPU.Build.0 = Debug|Any CPU
		{714C4F66-6574-BD70-AE43-2606BA6A55CE}.Release|Any CPU.ActiveCfg = Release|Any CPU
		{714C4F66-6574-BD70-AE43-2606BA6A55CE}.Release|Any CPU.Build.0 = Release|Any CPU
		{9606B395-E630-8D03-7C9B-316CC2810EF3}.Debug|Any CPU.ActiveCfg = Debug|Any CPU
		{9606B395-E630-8D03-7C9B-316CC2810EF3}.Debug|Any CPU.Build.0 = Debug|Any CPU
		{9606B395-E630-8D03-7C9B-316CC2810EF3}.Release|Any CPU.ActiveCfg = Release|Any CPU
		{9606B395-E630-8D03-7C9B-316CC2810EF3}.Release|Any CPU.Build.0 = Release|Any CPU
		{2BBB048F-3E24-6B17-E58B-C419D75E4711}.Debug|Any CPU.ActiveCfg = Debug|Any CPU
		{2BBB048F-3E24-6B17-E58B-C419D75E4711}.Debug|Any CPU.Build.0 = Debug|Any CPU
		{2BBB048F-3E24-6B17-E58B-C419D75E4711}.Release|Any CPU.ActiveCfg = Release|Any CPU
		{2BBB048F-3E24-6B17-E58B-C419D75E4711}.Release|Any CPU.Build.0 = Release|Any CPU
		{B12FBABB-A388-56A4-5280-5DB435D6F5FD}.Debug|Any CPU.ActiveCfg = Debug|Any CPU
		{B12FBABB-A388-56A4-5280-5DB435D6F5FD}.Debug|Any CPU.Build.0 = Debug|Any CPU
		{B12FBABB-A388-56A4-5280-5DB435D6F5FD}.Release|Any CPU.ActiveCfg = Release|Any CPU
		{B12FBABB-A388-56A4-5280-5DB435D6F5FD}.Release|Any CPU.Build.0 = Release|Any CPU
		{A2861028-278F-56BA-71B8-2C5558EE00F1}.Debug|Any CPU.ActiveCfg = Debug|Any CPU
		{A2861028-278F-56BA-71B8-2C5558EE00F1}.Debug|Any CPU.Build.0 = Debug|Any CPU
		{A2861028-278F-56BA-71B8-2C5558EE00F1}.Release|Any CPU.ActiveCfg = Release|Any CPU
		{A2861028-278F-56BA-71B8-2C5558EE00F1}.Release|Any CPU.Build.0 = Release|Any CPU
		{943FC308-4A74-A2E7-4217-2BDFC20E2983}.Debug|Any CPU.ActiveCfg = Debug|Any CPU
		{943FC308-4A74-A2E7-4217-2BDFC20E2983}.Debug|Any CPU.Build.0 = Debug|Any CPU
		{943FC308-4A74-A2E7-4217-2BDFC20E2983}.Release|Any CPU.ActiveCfg = Release|Any CPU
		{943FC308-4A74-A2E7-4217-2BDFC20E2983}.Release|Any CPU.Build.0 = Release|Any CPU
		{BC4BE3EB-1810-E1F7-F111-E77D4CF26DD4}.Debug|Any CPU.ActiveCfg = Debug|Any CPU
		{BC4BE3EB-1810-E1F7-F111-E77D4CF26DD4}.Debug|Any CPU.Build.0 = Debug|Any CPU
		{BC4BE3EB-1810-E1F7-F111-E77D4CF26DD4}.Release|Any CPU.ActiveCfg = Release|Any CPU
		{BC4BE3EB-1810-E1F7-F111-E77D4CF26DD4}.Release|Any CPU.Build.0 = Release|Any CPU
		{C253674B-8038-9356-791B-FC53D2E4BAC5}.Debug|Any CPU.ActiveCfg = Debug|Any CPU
		{C253674B-8038-9356-791B-FC53D2E4BAC5}.Debug|Any CPU.Build.0 = Debug|Any CPU
		{C253674B-8038-9356-791B-FC53D2E4BAC5}.Release|Any CPU.ActiveCfg = Release|Any CPU
		{C253674B-8038-9356-791B-FC53D2E4BAC5}.Release|Any CPU.Build.0 = Release|Any CPU
		{66CB9C0C-E433-D39F-149B-447B991E3199}.Debug|Any CPU.ActiveCfg = Debug|Any CPU
		{66CB9C0C-E433-D39F-149B-447B991E3199}.Debug|Any CPU.Build.0 = Debug|Any CPU
		{66CB9C0C-E433-D39F-149B-447B991E3199}.Release|Any CPU.ActiveCfg = Release|Any CPU
		{66CB9C0C-E433-D39F-149B-447B991E3199}.Release|Any CPU.Build.0 = Release|Any CPU
	EndGlobalSection
	GlobalSection(SolutionProperties) = preSolution
		HideSolutionNode = FALSE
	EndGlobalSection
EndGlobal
